
Microsoft Visual Studio Solution File, Format Version 12.00
# Visual Studio Version 17
VisualStudioVersion = 17.4.33110.190
MinimumVisualStudioVersion = 10.0.40219.1
Project("{FAE04EC0-301F-11D3-BF4B-00C04F79EFBC}") = "JamahaApi", "JamahaApi.csproj", "{1D1F5BF2-DD4C-4714-BFC2-92CF66B94E8C}"
EndProject
Global
	GlobalSection(SolutionConfigurationPlatforms) = preSolution
		Debug|Any CPU = Debug|Any CPU
		Release|Any CPU = Release|Any CPU
	EndGlobalSection
	GlobalSection(ProjectConfigurationPlatforms) = postSolution
		{1D1F5BF2-DD4C-4714-BFC2-92CF66B94E8C}.Debug|Any CPU.ActiveCfg = Debug|Any CPU
		{1D1F5BF2-DD4C-4714-BFC2-92CF66B94E8C}.Debug|Any CPU.Build.0 = Debug|Any CPU
		{1D1F5BF2-DD4C-4714-BFC2-92CF66B94E8C}.Release|Any CPU.ActiveCfg = Release|Any CPU
		{1D1F5BF2-DD4C-4714-BFC2-92CF66B94E8C}.Release|Any CPU.Build.0 = Release|Any CPU
	EndGlobalSection
	GlobalSection(SolutionProperties) = preSolution
		HideSolutionNode = FALSE
	EndGlobalSection
	GlobalSection(ExtensibilityGlobals) = postSolution
		SolutionGuid = {6AA42489-8FF4-40F2-AE7F-302FB2582DCB}
	EndGlobalSection
EndGlobal
